{
  "name": "unicode-datamatrix",
  "version": "1.0.0",
  "lockfileVersion": 1,
  "requires": true,
  "dependencies": {
    "tualo-datamatrix": {
      "version": "0.0.1",
      "resolved": "https://registry.npmjs.org/tualo-datamatrix/-/tualo-datamatrix-0.0.1.tgz",
      "integrity": "sha1-s8bvpGbDzXuAhqfscJDjZ2Ttgio="
    }
  }
}
